schema: '2.0'
stages:
  Data-Preparation:
    cmd: python src/stage_01_data_preparation.py
    deps:
    - path: src/stage_01_data_preparation.py
      md5: f2a75058036f3df7fde435f01b3e838e
      size: 2243
    - path: src/utils
      md5: 19866c44a0003f24bf742c5f24ec994f.dir
      size: 5866
      nfiles: 6
    - path: xmldata/data.xml
      md5: a304afb96060aad90176268345e10355
      size: 37891850
    outs:
    - path: artifacts/prepared
      md5: d54fe595f3769c50d91d8264631e5123.dir
      size: 23911349
      nfiles: 2
  Featurization:
    cmd: python src/stage_02_featurization.py
    deps:
    - path: artifacts/prepared
      md5: d54fe595f3769c50d91d8264631e5123.dir
      size: 23911349
      nfiles: 2
    - path: src/stage_02_featurization.py
      md5: ab2ccb2e2ccd05e5bd5f399f8d2222aa
      size: 3260
    - path: src/utils
      md5: 19866c44a0003f24bf742c5f24ec994f.dir
      size: 5866
      nfiles: 6
    outs:
    - path: artifacts/features
      md5: d64c9b4102b87ad057bca38a834d6977.dir
      size: 12542064
      nfiles: 2
  train:
    cmd: python src/stage_03_train.py
    deps:
    - path: artifacts/features
      md5: d64c9b4102b87ad057bca38a834d6977.dir
      size: 12542064
      nfiles: 2
    - path: src/stage_02_featurization.py
      md5: ab2ccb2e2ccd05e5bd5f399f8d2222aa
      size: 3260
    - path: src/utils
      md5: 19866c44a0003f24bf742c5f24ec994f.dir
      size: 5866
      nfiles: 6
    outs:
    - path: artifacts/model/model.pkl
      md5: f343e3c1d77f1293682212a07e76dc4a
      size: 349720359
